
Microsoft Visual Studio Solution File, Format Version 12.00
# Visual Studio Version 17
VisualStudioVersion = 17.13.36105.23
MinimumVisualStudioVersion = 10.0.40219.1
Project("{2150E333-8FDC-42A3-9474-1A3956D46DE8}") = "Solution Items", "Solution Items", "{02EA681E-C7D8-13C7-8484-4AC65E1B71E8}"
	ProjectSection(SolutionItems) = preProject
		.editorconfig = .editorconfig
		.gitattributes = .gitattributes
		.gitignore = .gitignore
		azure-pipelines.codecoverage.runsettings = azure-pipelines.codecoverage.runsettings
		azure-pipelines.release.yml = azure-pipelines.release.yml
		azure-pipelines.runsettings = azure-pipelines.runsettings
		azure-pipelines.yml = azure-pipelines.yml
		CODE_OF_CONDUCT.md = CODE_OF_CONDUCT.md
		CONTRIBUTING.md = CONTRIBUTING.md
		Directory.Build.props = Directory.Build.props
		Directory.Build.targets = Directory.Build.targets
		en-US_User.dic = en-US_User.dic
		LICENSE = LICENSE
		README.md = README.md
	EndProjectSection
EndProject
Project("{FAE04EC0-301F-11D3-BF4B-00C04F79EFBC}") = "Atata.Reqnroll.NUnit", "src\Atata.Reqnroll.NUnit\Atata.Reqnroll.NUnit.csproj", "{C08C8FA4-2D15-F288-4DF5-1E2C57F57C16}"
EndProject
Project("{FAE04EC0-301F-11D3-BF4B-00C04F79EFBC}") = "Atata.Reqnroll.NUnit.IntegrationTests", "test\Atata.Reqnroll.NUnit.IntegrationTests\Atata.Reqnroll.NUnit.IntegrationTests.csproj", "{8E64D065-6E00-5FEF-6027-693F5CAC4ED5}"
EndProject
Global
	GlobalSection(SolutionConfigurationPlatforms) = preSolution
		Debug|Any CPU = Debug|Any CPU
		Release|Any CPU = Release|Any CPU
	EndGlobalSection
	GlobalSection(ProjectConfigurationPlatforms) = postSolution
		{C08C8FA4-2D15-F288-4DF5-1E2C57F57C16}.Debug|Any CPU.ActiveCfg = Debug|Any CPU
		{C08C8FA4-2D15-F288-4DF5-1E2C57F57C16}.Debug|Any CPU.Build.0 = Debug|Any CPU
		{C08C8FA4-2D15-F288-4DF5-1E2C57F57C16}.Release|Any CPU.ActiveCfg = Release|Any CPU
		{C08C8FA4-2D15-F288-4DF5-1E2C57F57C16}.Release|Any CPU.Build.0 = Release|Any CPU
		{8E64D065-6E00-5FEF-6027-693F5CAC4ED5}.Debug|Any CPU.ActiveCfg = Debug|Any CPU
		{8E64D065-6E00-5FEF-6027-693F5CAC4ED5}.Debug|Any CPU.Build.0 = Debug|Any CPU
		{8E64D065-6E00-5FEF-6027-693F5CAC4ED5}.Release|Any CPU.ActiveCfg = Release|Any CPU
		{8E64D065-6E00-5FEF-6027-693F5CAC4ED5}.Release|Any CPU.Build.0 = Release|Any CPU
	EndGlobalSection
	GlobalSection(SolutionProperties) = preSolution
		HideSolutionNode = FALSE
	EndGlobalSection
	GlobalSection(ExtensibilityGlobals) = postSolution
		SolutionGuid = {87430DB0-6E5F-47FB-A691-725A457E2033}
	EndGlobalSection
EndGlobal
